// !$*UTF8*$!
{
	archiveVersion = 1;
	classes = {
	};
	objectVersion = 46;
	objects = {

/* Begin PBXBuildFile section */
		0AB538F313FB48B900123511 /* UIKit.framework in Frameworks */ = {isa = PBXBuildFile; fileRef = 0AB538F213FB48B900123511 /* UIKit.framework */; };
		0AB538F513FB48B900123511 /* Foundation.framework in Frameworks */ = {isa = PBXBuildFile; fileRef = 0AB538F413FB48B900123511 /* Foundation.framework */; };
		0AB538F713FB48B900123511 /* CoreGraphics.framework in Frameworks */ = {isa = PBXBuildFile; fileRef = 0AB538F613FB48B900123511 /* CoreGraphics.framework */; };
		0AB538FD13FB48BA00123511 /* InfoPlist.strings in Resources */ = {isa = PBXBuildFile; fileRef = 0AB538FB13FB48BA00123511 /* InfoPlist.strings */; };
		0AB538FF13FB48BA00123511 /* main.m in Sources */ = {isa = PBXBuildFile; fileRef = 0AB538FE13FB48BA00123511 /* main.m */; };
		0AB5390313FB48BA00123511 /* GearExperimentAppDelegate.m in Sources */ = {isa = PBXBuildFile; fileRef = 0AB5390213FB48BA00123511 /* GearExperimentAppDelegate.m */; };
		0AB5390613FB48BA00123511 /* MainStoryboard.storyboard in Resources */ = {isa = PBXBuildFile; fileRef = 0AB5390413FB48BA00123511 /* MainStoryboard.storyboard */; };
		0AB5390813FB48BA00123511 /* GearExperimentViewController.h in Resources */ = {isa = PBXBuildFile; fileRef = 0AB5390713FB48BA00123511 /* GearExperimentViewController.h */; };
		0AB5390A13FB48BA00123511 /* GearExperimentViewController.m in Sources */ = {isa = PBXBuildFile; fileRef = 0AB5390913FB48BA00123511 /* GearExperimentViewController.m */; };
		0AB5391113FB496100123511 /* gear.png in Resources */ = {isa = PBXBuildFile; fileRef = 0AB5391013FB496100123511 /* gear.png */; };
/* End PBXBuildFile section */

/* Begin PBXFileReference section */
		0AB538EE13FB48B900123511 /* GearExperiment.app */ = {isa = PBXFileReference; explicitFileType = wrapper.application; includeInIndex = 0; path = GearExperiment.app; sourceTree = BUILT_PRODUCTS_DIR; };
		0AB538F213FB48B900123511 /* UIKit.framework */ = {isa = PBXFileReference; lastKnownFileType = wrapper.framework; name = UIKit.framework; path = System/Library/Frameworks/UIKit.framework; sourceTree = SDKROOT; };
		0AB538F413FB48B900123511 /* Foundation.framework */ = {isa = PBXFileReference; lastKnownFileType = wrapper.framework; name = Foundation.framework; path = System/Library/Frameworks/Foundation.framework; sourceTree = SDKROOT; };
		0AB538F613FB48B900123511 /* CoreGraphics.framework */ = {isa = PBXFileReference; lastKnownFileType = wrapper.framework; name = CoreGraphics.framework; path = System/Library/Frameworks/CoreGraphics.framework; sourceTree = SDKROOT; };
		0AB538FA13FB48B900123511 /* GearExperiment-Info.plist */ = {isa = PBXFileReference; lastKnownFileType = text.plist.xml; path = "GearExperiment-Info.plist"; sourceTree = "<group>"; };
		0AB538FC13FB48BA00123511 /* en */ = {isa = PBXFileReference; lastKnownFileType = text.plist.strings; name = en; path = en.lproj/InfoPlist.strings; sourceTree = "<group>"; };
		0AB538FE13FB48BA00123511 /* main.m */ = {isa = PBXFileReference; lastKnownFileType = sourcecode.c.objc; path = main.m; sourceTree = "<group>"; };
		0AB5390013FB48BA00123511 /* GearExperiment-Prefix.pch */ = {isa = PBXFileReference; lastKnownFileType = sourcecode.c.h; path = "GearExperiment-Prefix.pch"; sourceTree = "<group>"; };
		0AB5390113FB48BA00123511 /* GearExperimentAppDelegate.h */ = {isa = PBXFileReference; lastKnownFileType = sourcecode.c.h; path = GearExperimentAppDelegate.h; sourceTree = "<group>"; };
		0AB5390213FB48BA00123511 /* GearExperimentAppDelegate.m */ = {isa = PBXFileReference; lastKnownFileType = sourcecode.c.objc; path = GearExperimentAppDelegate.m; sourceTree = "<group>"; };
		0AB5390513FB48BA00123511 /* en */ = {isa = PBXFileReference; lastKnownFileType = file.storyboard; name = en; path = en.lproj/MainStoryboard.storyboard; sourceTree = "<group>"; };
		0AB5390713FB48BA00123511 /* GearExperimentViewController.h */ = {isa = PBXFileReference; lastKnownFileType = sourcecode.c.h; path = GearExperimentViewController.h; sourceTree = "<group>"; };
		0AB5390913FB48BA00123511 /* GearExperimentViewController.m */ = {isa = PBXFileReference; lastKnownFileType = sourcecode.c.objc; path = GearExperimentViewController.m; sourceTree = "<group>"; };
		0AB5391013FB496100123511 /* gear.png */ = {isa = PBXFileReference; lastKnownFileType = image.png; path = gear.png; sourceTree = "<group>"; };
/* End PBXFileReference section */

/* Begin PBXFrameworksBuildPhase section */
		0AB538EB13FB48B900123511 /* Frameworks */ = {
			isa = PBXFrameworksBuildPhase;
			buildActionMask = 2147483647;
			files = (
				0AB538F313FB48B900123511 /* UIKit.framework in Frameworks */,
				0AB538F513FB48B900123511 /* Foundation.framework in Frameworks */,
				0AB538F713FB48B900123511 /* CoreGraphics.framework in Frameworks */,
			);
			runOnlyForDeploymentPostprocessing = 0;
		};
/* End PBXFrameworksBuildPhase section */

/* Begin PBXGroup section */
		0AB538E313FB48B900123511 = {
			isa = PBXGroup;
			children = (
				0AB538F813FB48B900123511 /* GearExperiment */,
				0AB538F113FB48B900123511 /* Frameworks */,
				0AB538EF13FB48B900123511 /* Products */,
			);
			sourceTree = "<group>";
		};
		0AB538EF13FB48B900123511 /* Products */ = {
			isa = PBXGroup;
			children = (
				0AB538EE13FB48B900123511 /* GearExperiment.app */,
			);
			name = Products;
			sourceTree = "<group>";
		};
		0AB538F113FB48B900123511 /* Frameworks */ = {
			isa = PBXGroup;
			children = (
				0AB538F213FB48B900123511 /* UIKit.framework */,
				0AB538F413FB48B900123511 /* Foundation.framework */,
				0AB538F613FB48B900123511 /* CoreGraphics.framework */,
			);
			name = Frameworks;
			sourceTree = "<group>";
		};
		0AB538F813FB48B900123511 /* GearExperiment */ = {
			isa = PBXGroup;
			children = (
				0AB5391013FB496100123511 /* gear.png */,
				0AB5390113FB48BA00123511 /* GearExperimentAppDelegate.h */,
				0AB5390213FB48BA00123511 /* GearExperimentAppDelegate.m */,
				0AB5390413FB48BA00123511 /* MainStoryboard.storyboard */,
				0AB5390713FB48BA00123511 /* GearExperimentViewController.h */,
				0AB5390913FB48BA00123511 /* GearExperimentViewController.m */,
				0AB538F913FB48B900123511 /* Supporting Files */,
			);
			path = GearExperiment;
			sourceTree = "<group>";
		};
		0AB538F913FB48B900123511 /* Supporting Files */ = {
			isa = PBXGroup;
			children = (
				0AB538FA13FB48B900123511 /* GearExperiment-Info.plist */,
				0AB538FB13FB48BA00123511 /* InfoPlist.strings */,
				0AB538FE13FB48BA00123511 /* main.m */,
				0AB5390013FB48BA00123511 /* GearExperiment-Prefix.pch */,
			);
			name = "Supporting Files";
			sourceTree = "<group>";
		};
/* End PBXGroup section */

/* Begin PBXNativeTarget section */
		0AB538ED13FB48B900123511 /* GearExperiment */ = {
			isa = PBXNativeTarget;
			buildConfigurationList = 0AB5390D13FB48BA00123511 /* Build configuration list for PBXNativeTarget "GearExperiment" */;
			buildPhases = (
				0AB538EA13FB48B900123511 /* Sources */,
				0AB538EB13FB48B900123511 /* Frameworks */,
				0AB538EC13FB48B900123511 /* Resources */,
			);
			buildRules = (
			);
			dependencies = (
			);
			name = GearExperiment;
			productName = GearExperiment;
			productReference = 0AB538EE13FB48B900123511 /* GearExperiment.app */;
			productType = "com.apple.product-type.application";
		};
/* End PBXNativeTarget section */

/* Begin PBXProject section */
		0AB538E513FB48B900123511 /* Project object */ = {
			isa = PBXProject;
			attributes = {
				ORGANIZATIONNAME = "-";
			};
			buildConfigurationList = 0AB538E813FB48B900123511 /* Build configuration list for PBXProject "GearExperiment" */;
			compatibilityVersion = "Xcode 3.2";
			developmentRegion = English;
			hasScannedForEncodings = 0;
			knownRegions = (
				en,
			);
			mainGroup = 0AB538E313FB48B900123511;
			productRefGroup = 0AB538EF13FB48B900123511 /* Products */;
			projectDirPath = "";
			projectRoot = "";
			targets = (
				0AB538ED13FB48B900123511 /* GearExperiment */,
			);
		};
/* End PBXProject section */

/* Begin PBXResourcesBuildPhase section */
		0AB538EC13FB48B900123511 /* Resources */ = {
			isa = PBXResourcesBuildPhase;
			buildActionMask = 2147483647;
			files = (
				0AB538FD13FB48BA00123511 /* InfoPlist.strings in Resources */,
				0AB5390613FB48BA00123511 /* MainStoryboard.storyboard in Resources */,
				0AB5390813FB48BA00123511 /* GearExperimentViewController.h in Resources */,
				0AB5391113FB496100123511 /* gear.png in Resources */,
			);
			runOnlyForDeploymentPostprocessing = 0;
		};
/* End PBXResourcesBuildPhase section */

/* Begin PBXSourcesBuildPhase section */
		0AB538EA13FB48B900123511 /* Sources */ = {
			isa = PBXSourcesBuildPhase;
			buildActionMask = 2147483647;
			files = (
				0AB538FF13FB48BA00123511 /* main.m in Sources */,
				0AB5390313FB48BA00123511 /* GearExperimentAppDelegate.m in Sources */,
				0AB5390A13FB48BA00123511 /* GearExperimentViewController.m in Sources */,
			);
			runOnlyForDeploymentPostprocessing = 0;
		};
/* End PBXSourcesBuildPhase section */

/* Begin PBXVariantGroup section */
		0AB538FB13FB48BA00123511 /* InfoPlist.strings */ = {
			isa = PBXVariantGroup;
			children = (
				0AB538FC13FB48BA00123511 /* en */,
			);
			name = InfoPlist.strings;
			sourceTree = "<group>";
		};
		0AB5390413FB48BA00123511 /* MainStoryboard.storyboard */ = {
			isa = PBXVariantGroup;
			children = (
				0AB5390513FB48BA00123511 /* en */,
			);
			name = MainStoryboard.storyboard;
			sourceTree = "<group>";
		};
/* End PBXVariantGroup section */

/* Begin XCBuildConfiguration section */
		0AB5390B13FB48BA00123511 /* Debug */ = {
			isa = XCBuildConfiguration;
			buildSettings = {
				ALWAYS_SEARCH_USER_PATHS = NO;
				ARCHS = "$(ARCHS_STANDARD_32_BIT)";
				CLANG_ENABLE_OBJC_ARC = YES;
				"CODE_SIGN_IDENTITY[sdk=iphoneos*]" = "iPhone Developer";
				COPY_PHASE_STRIP = NO;
				GCC_C_LANGUAGE_STANDARD = gnu99;
				GCC_DYNAMIC_NO_PIC = NO;
				GCC_OPTIMIZATION_LEVEL = 0;
				GCC_PREPROCESSOR_DEFINITIONS = (
					"DEBUG=1",
					"$(inherited)",
				);
				GCC_SYMBOLS_PRIVATE_EXTERN = NO;
				GCC_VERSION = com.apple.compilers.llvm.clang.1_0;
				GCC_WARN_ABOUT_MISSING_PROTOTYPES = YES;
				GCC_WARN_ABOUT_RETURN_TYPE = YES;
				GCC_WARN_UNUSED_VARIABLE = YES;
				IPHONEOS_DEPLOYMENT_TARGET = 5.0;
				SDKROOT = iphoneos;
			};
			name = Debug;
		};
		0AB5390C13FB48BA00123511 /* Release */ = {
			isa = XCBuildConfiguration;
			buildSettings = {
				ALWAYS_SEARCH_USER_PATHS = NO;
				ARCHS = "$(ARCHS_STANDARD_32_BIT)";
				CLANG_ENABLE_OBJC_ARC = YES;
				"CODE_SIGN_IDENTITY[sdk=iphoneos*]" = "iPhone Developer";
				COPY_PHASE_STRIP = YES;
				GCC_C_LANGUAGE_STANDARD = gnu99;
				GCC_VERSION = com.apple.compilers.llvm.clang.1_0;
				GCC_WARN_ABOUT_MISSING_PROTOTYPES = YES;
				GCC_WARN_ABOUT_RETURN_TYPE = YES;
				GCC_WARN_UNUSED_VARIABLE = YES;
				IPHONEOS_DEPLOYMENT_TARGET = 5.0;
				OTHER_CFLAGS = "-DNS_BLOCK_ASSERTIONS=1";
				SDKROOT = iphoneos;
				VALIDATE_PRODUCT = YES;
			};
			name = Release;
		};
		0AB5390E13FB48BA00123511 /* Debug */ = {
			isa = XCBuildConfiguration;
			buildSettings = {
				GCC_PRECOMPILE_PREFIX_HEADER = YES;
				GCC_PREFIX_HEADER = "GearExperiment/GearExperiment-Prefix.pch";
				INFOPLIST_FILE = "GearExperiment/GearExperiment-Info.plist";
				PRODUCT_NAME = "$(TARGET_NAME)";
				WRAPPER_EXTENSION = app;
			};
			name = Debug;
		};
		0AB5390F13FB48BA00123511 /* Release */ = {
			isa = XCBuildConfiguration;
			buildSettings = {
				GCC_PRECOMPILE_PREFIX_HEADER = YES;
				GCC_PREFIX_HEADER = "GearExperiment/GearExperiment-Prefix.pch";
				INFOPLIST_FILE = "GearExperiment/GearExperiment-Info.plist";
				PRODUCT_NAME = "$(TARGET_NAME)";
				WRAPPER_EXTENSION = app;
			};
			name = Release;
		};
/* End XCBuildConfiguration section */

/* Begin XCConfigurationList section */
		0AB538E813FB48B900123511 /* Build configuration list for PBXProject "GearExperiment" */ = {
			isa = XCConfigurationList;
			buildConfigurations = (
				0AB5390B13FB48BA00123511 /* Debug */,
				0AB5390C13FB48BA00123511 /* Release */,
			);
			defaultConfigurationIsVisible = 0;
			defaultConfigurationName = Release;
		};
		0AB5390D13FB48BA00123511 /* Build configuration list for PBXNativeTarget "GearExperiment" */ = {
			isa = XCConfigurationList;
			buildConfigurations = (
				0AB5390E13FB48BA00123511 /* Debug */,
				0AB5390F13FB48BA00123511 /* Release */,
			);
			defaultConfigurationIsVisible = 0;
		};
/* End XCConfigurationList section */
	};
	rootObject = 0AB538E513FB48B900123511 /* Project object */;
}
